github.com/cespare/xxhash/v2 v2.3.0 h1:UL815xU9SqsFlibzuggzjXhog7bL6oX9BbNZnL2UFvs=
github.com/cespare/xxhash/v2 v2.3.0/go.mod h1:VGX0DQ3Q6kWi7AoAeZDth3/j3BFtOZR5XLFGgcrjCOs=
github.com/dgryski/go-rendezvous v0.0.0-20200823014737-9f7001d12a5f h1:lO4WD4F/rVNCu3HqELle0jiPLLBs70cWOduZpkS1E78=
github.com/dgryski/go-rendezvous v0.0.0-20200823014737-9f7001d12a5f/go.mod h1:cuUVRXasLTGF7a8hSLbUDijNT9t4UG7vXRfh+SIi94Y=
github.com/gorilla/websocket v1.5.3 h1:saDtZ6Pbx/0u+bgYQ3q96pZgCzfhKXGPqt7kZ72aNNg=
github.com/gorilla/websocket v1.5.3/go.mod h1:YR8l580nyteQvAITg2hZ9XVh68a9gOO/HCGaDRHA0Zo=
github.com/redis/go-redis/v9 v9.7.0 h1:HhLSs+B6O021obesg/uo2Jd1UmwBi3J/HYjKoRLiSbo=
github.com/redis/go-redis/v9 v9.7.0/go.mod h1:f6zhXITC7JUqEMIuL9C1aDfdBaFxHBmL4kgEoMlHGKA=
